
Microsoft Visual Studio Solution File, Format Version 12.00
# Visual Studio 14
VisualStudioVersion = 14.0.25420.1
MinimumVisualStudioVersion = 10.0.40219.1
Project("{8BC9CEB8-8B4A-11D0-8D11-00A0C91BC942}") = "OpenCVTest", "OpenCVTest\OpenCVTest.vcxproj", "{C3B8097E-1870-4F21-ACCE-8A540C761D0E}"
EndProject
Project("{8BC9CEB8-8B4A-11D0-8D11-00A0C91BC942}") = "Test", "Test\Test.vcxproj", "{FD7D041E-B875-46AC-B101-07216FE18C47}"
EndProject
Global
	GlobalSection(SolutionConfigurationPlatforms) = preSolution
		Debug|x64 = Debug|x64
		Debug|x86 = Debug|x86
		Release|x64 = Release|x64
		Release|x86 = Release|x86
	EndGlobalSection
	GlobalSection(ProjectConfigurationPlatforms) = postSolution
		{C3B8097E-1870-4F21-ACCE-8A540C761D0E}.Debug|x64.ActiveCfg = Debug|x64
		{C3B8097E-1870-4F21-ACCE-8A540C761D0E}.Debug|x64.Build.0 = Debug|x64
		{C3B8097E-1870-4F21-ACCE-8A540C761D0E}.Debug|x86.ActiveCfg = Debug|Win32
		{C3B8097E-1870-4F21-ACCE-8A540C761D0E}.Debug|x86.Build.0 = Debug|Win32
		{C3B8097E-1870-4F21-ACCE-8A540C761D0E}.Release|x64.ActiveCfg = Release|x64
		{C3B8097E-1870-4F21-ACCE-8A540C761D0E}.Release|x64.Build.0 = Release|x64
		{C3B8097E-1870-4F21-ACCE-8A540C761D0E}.Release|x86.ActiveCfg = Release|Win32
		{C3B8097E-1870-4F21-ACCE-8A540C761D0E}.Release|x86.Build.0 = Release|Win32
		{FD7D041E-B875-46AC-B101-07216FE18C47}.Debug|x64.ActiveCfg = Debug|x64
		{FD7D041E-B875-46AC-B101-07216FE18C47}.Debug|x64.Build.0 = Debug|x64
		{FD7D041E-B875-46AC-B101-07216FE18C47}.Debug|x86.ActiveCfg = Debug|Win32
		{FD7D041E-B875-46AC-B101-07216FE18C47}.Debug|x86.Build.0 = Debug|Win32
		{FD7D041E-B875-46AC-B101-07216FE18C47}.Release|x64.ActiveCfg = Release|x64
		{FD7D041E-B875-46AC-B101-07216FE18C47}.Release|x64.Build.0 = Release|x64
		{FD7D041E-B875-46AC-B101-07216FE18C47}.Release|x86.ActiveCfg = Release|Win32
		{FD7D041E-B875-46AC-B101-07216FE18C47}.Release|x86.Build.0 = Release|Win32
	EndGlobalSection
	GlobalSection(SolutionProperties) = preSolution
		HideSolutionNode = FALSE
	EndGlobalSection
EndGlobal
