
Microsoft Visual Studio Solution File, Format Version 12.00
# Visual Studio 14
VisualStudioVersion = 14.0.25420.1
MinimumVisualStudioVersion = 10.0.40219.1
Project("{FAE04EC0-301F-11D3-BF4B-00C04F79EFBC}") = "TestSQL", "TestSQL\TestSQL.csproj", "{62E66CD2-E57B-40A5-8DEB-77E9F01A53CF}"
EndProject
Project("{FAE04EC0-301F-11D3-BF4B-00C04F79EFBC}") = "SQL", "SQL\SQL.csproj", "{3F77DAE5-3EE9-4308-AB2E-11BBDF904596}"
EndProject
Global
	GlobalSection(SolutionConfigurationPlatforms) = preSolution
		Debug|Any CPU = Debug|Any CPU
		Release|Any CPU = Release|Any CPU
	EndGlobalSection
	GlobalSection(ProjectConfigurationPlatforms) = postSolution
		{62E66CD2-E57B-40A5-8DEB-77E9F01A53CF}.Debug|Any CPU.ActiveCfg = Debug|Any CPU
		{62E66CD2-E57B-40A5-8DEB-77E9F01A53CF}.Debug|Any CPU.Build.0 = Debug|Any CPU
		{62E66CD2-E57B-40A5-8DEB-77E9F01A53CF}.Release|Any CPU.ActiveCfg = Release|Any CPU
		{62E66CD2-E57B-40A5-8DEB-77E9F01A53CF}.Release|Any CPU.Build.0 = Release|Any CPU
		{3F77DAE5-3EE9-4308-AB2E-11BBDF904596}.Debug|Any CPU.ActiveCfg = Debug|Any CPU
		{3F77DAE5-3EE9-4308-AB2E-11BBDF904596}.Debug|Any CPU.Build.0 = Debug|Any CPU
		{3F77DAE5-3EE9-4308-AB2E-11BBDF904596}.Release|Any CPU.ActiveCfg = Release|Any CPU
		{3F77DAE5-3EE9-4308-AB2E-11BBDF904596}.Release|Any CPU.Build.0 = Release|Any CPU
	EndGlobalSection
	GlobalSection(SolutionProperties) = preSolution
		HideSolutionNode = FALSE
	EndGlobalSection
EndGlobal
