
Microsoft Visual Studio Solution File, Format Version 12.00
# Visual Studio 14
VisualStudioVersion = 14.0.25420.1
MinimumVisualStudioVersion = 10.0.40219.1
Project("{8BC9CEB8-8B4A-11D0-8D11-00A0C91BC942}") = "Test2", "Test2\Test2.vcxproj", "{0E939923-F6D5-4D8D-B0AB-9E4071946120}"
EndProject
Project("{8BC9CEB8-8B4A-11D0-8D11-00A0C91BC942}") = "Test3", "Test3\Test3.vcxproj", "{CF6EA92F-259B-4C63-B775-7FA30F72908D}"
EndProject
Project("{8BC9CEB8-8B4A-11D0-8D11-00A0C91BC942}") = "EXP2_1", "EXP2_1\EXP2_1.vcxproj", "{B043F859-953F-425D-A561-32F3FCF1C6A4}"
EndProject
Project("{8BC9CEB8-8B4A-11D0-8D11-00A0C91BC942}") = "EXP2_2.1", "EXP2_2\EXP2_2.vcxproj", "{4BB22E0B-EEA5-48BF-9BE8-2CBFBA1CB073}"
EndProject
Project("{8BC9CEB8-8B4A-11D0-8D11-00A0C91BC942}") = "EXP2_2.2", "EXP2_2.2\EXP2_2.2.vcxproj", "{FD23E7C9-A7D7-468F-A448-2BC04E45C24C}"
EndProject
Project("{8BC9CEB8-8B4A-11D0-8D11-00A0C91BC942}") = "EXP2_3", "EXP2_3\EXP2_3.vcxproj", "{45932194-486D-4DE7-82CE-34C47702A7C0}"
EndProject
Project("{8BC9CEB8-8B4A-11D0-8D11-00A0C91BC942}") = "EXP2_4", "EXP2_4\EXP2_4.vcxproj", "{06719A63-8F0B-4304-AE36-0346B51B7734}"
EndProject
Project("{8BC9CEB8-8B4A-11D0-8D11-00A0C91BC942}") = "Test_press", "Test_press\Test_press.vcxproj", "{6B0E85C9-E282-4C8E-890B-A660AFCAEEE5}"
EndProject
Project("{8BC9CEB8-8B4A-11D0-8D11-00A0C91BC942}") = "EXP3_1.1", "EXP3_1.1\Multi_core_EXP3.vcxproj", "{1C6BCD69-27C0-4D86-B5B0-9572CE462C28}"
EndProject
Project("{8BC9CEB8-8B4A-11D0-8D11-00A0C91BC942}") = "EXP3_1.2", "EXP3_1.2\EXP3_1.2.vcxproj", "{CC32B05D-3D7E-4310-A226-6EA6C466DD95}"
EndProject
Project("{8BC9CEB8-8B4A-11D0-8D11-00A0C91BC942}") = "EXP3_2.1", "EXP3_2.1\EXP3_2.1.vcxproj", "{130EF128-D10C-4B4F-9BF0-20B24B576EB0}"
EndProject
Project("{8BC9CEB8-8B4A-11D0-8D11-00A0C91BC942}") = "EXP3_2.2", "EXP3_2.2\EXP3_2.2.vcxproj", "{A04C7478-B9A8-4672-9D72-66358B1919A3}"
EndProject
Global
	GlobalSection(SolutionConfigurationPlatforms) = preSolution
		Debug|x64 = Debug|x64
		Debug|x86 = Debug|x86
		Release|x64 = Release|x64
		Release|x86 = Release|x86
	EndGlobalSection
	GlobalSection(ProjectConfigurationPlatforms) = postSolution
		{0E939923-F6D5-4D8D-B0AB-9E4071946120}.Debug|x64.ActiveCfg = Debug|x64
		{0E939923-F6D5-4D8D-B0AB-9E4071946120}.Debug|x64.Build.0 = Debug|x64
		{0E939923-F6D5-4D8D-B0AB-9E4071946120}.Debug|x86.ActiveCfg = Debug|Win32
		{0E939923-F6D5-4D8D-B0AB-9E4071946120}.Debug|x86.Build.0 = Debug|Win32
		{0E939923-F6D5-4D8D-B0AB-9E4071946120}.Release|x64.ActiveCfg = Release|x64
		{0E939923-F6D5-4D8D-B0AB-9E4071946120}.Release|x64.Build.0 = Release|x64
		{0E939923-F6D5-4D8D-B0AB-9E4071946120}.Release|x86.ActiveCfg = Release|Win32
		{0E939923-F6D5-4D8D-B0AB-9E4071946120}.Release|x86.Build.0 = Release|Win32
		{CF6EA92F-259B-4C63-B775-7FA30F72908D}.Debug|x64.ActiveCfg = Debug|x64
		{CF6EA92F-259B-4C63-B775-7FA30F72908D}.Debug|x64.Build.0 = Debug|x64
		{CF6EA92F-259B-4C63-B775-7FA30F72908D}.Debug|x86.ActiveCfg = Debug|Win32
		{CF6EA92F-259B-4C63-B775-7FA30F72908D}.Debug|x86.Build.0 = Debug|Win32
		{CF6EA92F-259B-4C63-B775-7FA30F72908D}.Release|x64.ActiveCfg = Release|x64
		{CF6EA92F-259B-4C63-B775-7FA30F72908D}.Release|x64.Build.0 = Release|x64
		{CF6EA92F-259B-4C63-B775-7FA30F72908D}.Release|x86.ActiveCfg = Release|Win32
		{CF6EA92F-259B-4C63-B775-7FA30F72908D}.Release|x86.Build.0 = Release|Win32
		{B043F859-953F-425D-A561-32F3FCF1C6A4}.Debug|x64.ActiveCfg = Debug|x64
		{B043F859-953F-425D-A561-32F3FCF1C6A4}.Debug|x64.Build.0 = Debug|x64
		{B043F859-953F-425D-A561-32F3FCF1C6A4}.Debug|x86.ActiveCfg = Debug|Win32
		{B043F859-953F-425D-A561-32F3FCF1C6A4}.Debug|x86.Build.0 = Debug|Win32
		{B043F859-953F-425D-A561-32F3FCF1C6A4}.Release|x64.ActiveCfg = Release|x64
		{B043F859-953F-425D-A561-32F3FCF1C6A4}.Release|x64.Build.0 = Release|x64
		{B043F859-953F-425D-A561-32F3FCF1C6A4}.Release|x86.ActiveCfg = Release|Win32
		{B043F859-953F-425D-A561-32F3FCF1C6A4}.Release|x86.Build.0 = Release|Win32
		{4BB22E0B-EEA5-48BF-9BE8-2CBFBA1CB073}.Debug|x64.ActiveCfg = Debug|x64
		{4BB22E0B-EEA5-48BF-9BE8-2CBFBA1CB073}.Debug|x64.Build.0 = Debug|x64
		{4BB22E0B-EEA5-48BF-9BE8-2CBFBA1CB073}.Debug|x86.ActiveCfg = Debug|Win32
		{4BB22E0B-EEA5-48BF-9BE8-2CBFBA1CB073}.Debug|x86.Build.0 = Debug|Win32
		{4BB22E0B-EEA5-48BF-9BE8-2CBFBA1CB073}.Release|x64.ActiveCfg = Release|x64
		{4BB22E0B-EEA5-48BF-9BE8-2CBFBA1CB073}.Release|x64.Build.0 = Release|x64
		{4BB22E0B-EEA5-48BF-9BE8-2CBFBA1CB073}.Release|x86.ActiveCfg = Release|Win32
		{4BB22E0B-EEA5-48BF-9BE8-2CBFBA1CB073}.Release|x86.Build.0 = Release|Win32
		{FD23E7C9-A7D7-468F-A448-2BC04E45C24C}.Debug|x64.ActiveCfg = Debug|x64
		{FD23E7C9-A7D7-468F-A448-2BC04E45C24C}.Debug|x64.Build.0 = Debug|x64
		{FD23E7C9-A7D7-468F-A448-2BC04E45C24C}.Debug|x86.ActiveCfg = Debug|Win32
		{FD23E7C9-A7D7-468F-A448-2BC04E45C24C}.Debug|x86.Build.0 = Debug|Win32
		{FD23E7C9-A7D7-468F-A448-2BC04E45C24C}.Release|x64.ActiveCfg = Release|x64
		{FD23E7C9-A7D7-468F-A448-2BC04E45C24C}.Release|x64.Build.0 = Release|x64
		{FD23E7C9-A7D7-468F-A448-2BC04E45C24C}.Release|x86.ActiveCfg = Release|Win32
		{FD23E7C9-A7D7-468F-A448-2BC04E45C24C}.Release|x86.Build.0 = Release|Win32
		{45932194-486D-4DE7-82CE-34C47702A7C0}.Debug|x64.ActiveCfg = Debug|x64
		{45932194-486D-4DE7-82CE-34C47702A7C0}.Debug|x64.Build.0 = Debug|x64
		{45932194-486D-4DE7-82CE-34C47702A7C0}.Debug|x86.ActiveCfg = Debug|Win32
		{45932194-486D-4DE7-82CE-34C47702A7C0}.Debug|x86.Build.0 = Debug|Win32
		{45932194-486D-4DE7-82CE-34C47702A7C0}.Release|x64.ActiveCfg = Release|x64
		{45932194-486D-4DE7-82CE-34C47702A7C0}.Release|x64.Build.0 = Release|x64
		{45932194-486D-4DE7-82CE-34C47702A7C0}.Release|x86.ActiveCfg = Release|Win32
		{45932194-486D-4DE7-82CE-34C47702A7C0}.Release|x86.Build.0 = Release|Win32
		{06719A63-8F0B-4304-AE36-0346B51B7734}.Debug|x64.ActiveCfg = Debug|x64
		{06719A63-8F0B-4304-AE36-0346B51B7734}.Debug|x64.Build.0 = Debug|x64
		{06719A63-8F0B-4304-AE36-0346B51B7734}.Debug|x86.ActiveCfg = Debug|Win32
		{06719A63-8F0B-4304-AE36-0346B51B7734}.Debug|x86.Build.0 = Debug|Win32
		{06719A63-8F0B-4304-AE36-0346B51B7734}.Release|x64.ActiveCfg = Release|x64
		{06719A63-8F0B-4304-AE36-0346B51B7734}.Release|x64.Build.0 = Release|x64
		{06719A63-8F0B-4304-AE36-0346B51B7734}.Release|x86.ActiveCfg = Release|Win32
		{06719A63-8F0B-4304-AE36-0346B51B7734}.Release|x86.Build.0 = Release|Win32
		{6B0E85C9-E282-4C8E-890B-A660AFCAEEE5}.Debug|x64.ActiveCfg = Debug|x64
		{6B0E85C9-E282-4C8E-890B-A660AFCAEEE5}.Debug|x64.Build.0 = Debug|x64
		{6B0E85C9-E282-4C8E-890B-A660AFCAEEE5}.Debug|x86.ActiveCfg = Debug|Win32
		{6B0E85C9-E282-4C8E-890B-A660AFCAEEE5}.Debug|x86.Build.0 = Debug|Win32
		{6B0E85C9-E282-4C8E-890B-A660AFCAEEE5}.Release|x64.ActiveCfg = Release|x64
		{6B0E85C9-E282-4C8E-890B-A660AFCAEEE5}.Release|x64.Build.0 = Release|x64
		{6B0E85C9-E282-4C8E-890B-A660AFCAEEE5}.Release|x86.ActiveCfg = Release|Win32
		{6B0E85C9-E282-4C8E-890B-A660AFCAEEE5}.Release|x86.Build.0 = Release|Win32
		{1C6BCD69-27C0-4D86-B5B0-9572CE462C28}.Debug|x64.ActiveCfg = Debug|x64
		{1C6BCD69-27C0-4D86-B5B0-9572CE462C28}.Debug|x64.Build.0 = Debug|x64
		{1C6BCD69-27C0-4D86-B5B0-9572CE462C28}.Debug|x86.ActiveCfg = Debug|Win32
		{1C6BCD69-27C0-4D86-B5B0-9572CE462C28}.Debug|x86.Build.0 = Debug|Win32
		{1C6BCD69-27C0-4D86-B5B0-9572CE462C28}.Release|x64.ActiveCfg = Release|x64
		{1C6BCD69-27C0-4D86-B5B0-9572CE462C28}.Release|x64.Build.0 = Release|x64
		{1C6BCD69-27C0-4D86-B5B0-9572CE462C28}.Release|x86.ActiveCfg = Release|Win32
		{1C6BCD69-27C0-4D86-B5B0-9572CE462C28}.Release|x86.Build.0 = Release|Win32
		{CC32B05D-3D7E-4310-A226-6EA6C466DD95}.Debug|x64.ActiveCfg = Debug|x64
		{CC32B05D-3D7E-4310-A226-6EA6C466DD95}.Debug|x64.Build.0 = Debug|x64
		{CC32B05D-3D7E-4310-A226-6EA6C466DD95}.Debug|x86.ActiveCfg = Debug|Win32
		{CC32B05D-3D7E-4310-A226-6EA6C466DD95}.Debug|x86.Build.0 = Debug|Win32
		{CC32B05D-3D7E-4310-A226-6EA6C466DD95}.Release|x64.ActiveCfg = Release|x64
		{CC32B05D-3D7E-4310-A226-6EA6C466DD95}.Release|x64.Build.0 = Release|x64
		{CC32B05D-3D7E-4310-A226-6EA6C466DD95}.Release|x86.ActiveCfg = Release|Win32
		{CC32B05D-3D7E-4310-A226-6EA6C466DD95}.Release|x86.Build.0 = Release|Win32
		{130EF128-D10C-4B4F-9BF0-20B24B576EB0}.Debug|x64.ActiveCfg = Debug|x64
		{130EF128-D10C-4B4F-9BF0-20B24B576EB0}.Debug|x64.Build.0 = Debug|x64
		{130EF128-D10C-4B4F-9BF0-20B24B576EB0}.Debug|x86.ActiveCfg = Debug|Win32
		{130EF128-D10C-4B4F-9BF0-20B24B576EB0}.Debug|x86.Build.0 = Debug|Win32
		{130EF128-D10C-4B4F-9BF0-20B24B576EB0}.Release|x64.ActiveCfg = Release|x64
		{130EF128-D10C-4B4F-9BF0-20B24B576EB0}.Release|x64.Build.0 = Release|x64
		{130EF128-D10C-4B4F-9BF0-20B24B576EB0}.Release|x86.ActiveCfg = Release|Win32
		{130EF128-D10C-4B4F-9BF0-20B24B576EB0}.Release|x86.Build.0 = Release|Win32
		{A04C7478-B9A8-4672-9D72-66358B1919A3}.Debug|x64.ActiveCfg = Debug|x64
		{A04C7478-B9A8-4672-9D72-66358B1919A3}.Debug|x64.Build.0 = Debug|x64
		{A04C7478-B9A8-4672-9D72-66358B1919A3}.Debug|x86.ActiveCfg = Debug|Win32
		{A04C7478-B9A8-4672-9D72-66358B1919A3}.Debug|x86.Build.0 = Debug|Win32
		{A04C7478-B9A8-4672-9D72-66358B1919A3}.Release|x64.ActiveCfg = Release|x64
		{A04C7478-B9A8-4672-9D72-66358B1919A3}.Release|x64.Build.0 = Release|x64
		{A04C7478-B9A8-4672-9D72-66358B1919A3}.Release|x86.ActiveCfg = Release|Win32
		{A04C7478-B9A8-4672-9D72-66358B1919A3}.Release|x86.Build.0 = Release|Win32
	EndGlobalSection
	GlobalSection(SolutionProperties) = preSolution
		HideSolutionNode = FALSE
	EndGlobalSection
EndGlobal
