
Microsoft Visual Studio Solution File, Format Version 12.00
# Visual Studio 14
VisualStudioVersion = 14.0.25420.1
MinimumVisualStudioVersion = 10.0.40219.1
Project("{8BC9CEB8-8B4A-11D0-8D11-00A0C91BC942}") = "Server_LAN", "Server_LAN\Server_LAN.vcxproj", "{E76E782B-C454-4301-829E-6294D74C7D21}"
EndProject
Project("{8BC9CEB8-8B4A-11D0-8D11-00A0C91BC942}") = "Server", "Server\Server.vcxproj", "{3DD092E7-C013-4C1B-B1FD-4D746B1FF160}"
EndProject
Project("{8BC9CEB8-8B4A-11D0-8D11-00A0C91BC942}") = "Client_LAN", "Client_LAN\Client_LAN.vcxproj", "{3A8A2FD5-9E4A-429C-BD4D-99A253216C83}"
EndProject
Project("{8BC9CEB8-8B4A-11D0-8D11-00A0C91BC942}") = "Client", "Client\Client.vcxproj", "{16763AF2-207E-48A7-B6EE-FDF33FDBE7E3}"
EndProject
Global
	GlobalSection(SolutionConfigurationPlatforms) = preSolution
		Debug|x64 = Debug|x64
		Debug|x86 = Debug|x86
		Release|x64 = Release|x64
		Release|x86 = Release|x86
	EndGlobalSection
	GlobalSection(ProjectConfigurationPlatforms) = postSolution
		{E76E782B-C454-4301-829E-6294D74C7D21}.Debug|x64.ActiveCfg = Debug|Win32
		{E76E782B-C454-4301-829E-6294D74C7D21}.Debug|x86.ActiveCfg = Debug|Win32
		{E76E782B-C454-4301-829E-6294D74C7D21}.Debug|x86.Build.0 = Debug|Win32
		{E76E782B-C454-4301-829E-6294D74C7D21}.Release|x64.ActiveCfg = Release|Win32
		{E76E782B-C454-4301-829E-6294D74C7D21}.Release|x86.ActiveCfg = Release|Win32
		{E76E782B-C454-4301-829E-6294D74C7D21}.Release|x86.Build.0 = Release|Win32
		{3DD092E7-C013-4C1B-B1FD-4D746B1FF160}.Debug|x64.ActiveCfg = Debug|x64
		{3DD092E7-C013-4C1B-B1FD-4D746B1FF160}.Debug|x64.Build.0 = Debug|x64
		{3DD092E7-C013-4C1B-B1FD-4D746B1FF160}.Debug|x86.ActiveCfg = Debug|Win32
		{3DD092E7-C013-4C1B-B1FD-4D746B1FF160}.Debug|x86.Build.0 = Debug|Win32
		{3DD092E7-C013-4C1B-B1FD-4D746B1FF160}.Release|x64.ActiveCfg = Release|x64
		{3DD092E7-C013-4C1B-B1FD-4D746B1FF160}.Release|x64.Build.0 = Release|x64
		{3DD092E7-C013-4C1B-B1FD-4D746B1FF160}.Release|x86.ActiveCfg = Release|Win32
		{3DD092E7-C013-4C1B-B1FD-4D746B1FF160}.Release|x86.Build.0 = Release|Win32
		{3A8A2FD5-9E4A-429C-BD4D-99A253216C83}.Debug|x64.ActiveCfg = Debug|Win32
		{3A8A2FD5-9E4A-429C-BD4D-99A253216C83}.Debug|x86.ActiveCfg = Debug|Win32
		{3A8A2FD5-9E4A-429C-BD4D-99A253216C83}.Debug|x86.Build.0 = Debug|Win32
		{3A8A2FD5-9E4A-429C-BD4D-99A253216C83}.Release|x64.ActiveCfg = Release|Win32
		{3A8A2FD5-9E4A-429C-BD4D-99A253216C83}.Release|x86.ActiveCfg = Release|Win32
		{3A8A2FD5-9E4A-429C-BD4D-99A253216C83}.Release|x86.Build.0 = Release|Win32
		{16763AF2-207E-48A7-B6EE-FDF33FDBE7E3}.Debug|x64.ActiveCfg = Debug|Win32
		{16763AF2-207E-48A7-B6EE-FDF33FDBE7E3}.Debug|x86.ActiveCfg = Debug|Win32
		{16763AF2-207E-48A7-B6EE-FDF33FDBE7E3}.Debug|x86.Build.0 = Debug|Win32
		{16763AF2-207E-48A7-B6EE-FDF33FDBE7E3}.Release|x64.ActiveCfg = Release|Win32
		{16763AF2-207E-48A7-B6EE-FDF33FDBE7E3}.Release|x86.ActiveCfg = Release|Win32
		{16763AF2-207E-48A7-B6EE-FDF33FDBE7E3}.Release|x86.Build.0 = Release|Win32
	EndGlobalSection
	GlobalSection(SolutionProperties) = preSolution
		HideSolutionNode = FALSE
	EndGlobalSection
EndGlobal
