
Microsoft Visual Studio Solution File, Format Version 12.00
# Visual Studio 14
VisualStudioVersion = 14.0.25420.1
MinimumVisualStudioVersion = 10.0.40219.1
Project("{8BC9CEB8-8B4A-11D0-8D11-00A0C91BC942}") = "OpenCV_multiT", "OpenCV_multiT\OpenCV_mt.vcxproj", "{A831CD62-9DA9-4388-A3F4-FD4B928F4C28}"
EndProject
Project("{8BC9CEB8-8B4A-11D0-8D11-00A0C91BC942}") = "OpenCV_singleT", "OpenCV_singleT\FirstOpenCV.vcxproj", "{9DDF28DB-5F85-49D9-9034-F337F931811C}"
EndProject
Global
	GlobalSection(SolutionConfigurationPlatforms) = preSolution
		Debug|x64 = Debug|x64
		Debug|x86 = Debug|x86
		Release|x64 = Release|x64
		Release|x86 = Release|x86
	EndGlobalSection
	GlobalSection(ProjectConfigurationPlatforms) = postSolution
		{A831CD62-9DA9-4388-A3F4-FD4B928F4C28}.Debug|x64.ActiveCfg = Debug|x64
		{A831CD62-9DA9-4388-A3F4-FD4B928F4C28}.Debug|x64.Build.0 = Debug|x64
		{A831CD62-9DA9-4388-A3F4-FD4B928F4C28}.Debug|x86.ActiveCfg = Debug|Win32
		{A831CD62-9DA9-4388-A3F4-FD4B928F4C28}.Debug|x86.Build.0 = Debug|Win32
		{A831CD62-9DA9-4388-A3F4-FD4B928F4C28}.Release|x64.ActiveCfg = Release|x64
		{A831CD62-9DA9-4388-A3F4-FD4B928F4C28}.Release|x64.Build.0 = Release|x64
		{A831CD62-9DA9-4388-A3F4-FD4B928F4C28}.Release|x86.ActiveCfg = Release|Win32
		{A831CD62-9DA9-4388-A3F4-FD4B928F4C28}.Release|x86.Build.0 = Release|Win32
		{9DDF28DB-5F85-49D9-9034-F337F931811C}.Debug|x64.ActiveCfg = Debug|x64
		{9DDF28DB-5F85-49D9-9034-F337F931811C}.Debug|x64.Build.0 = Debug|x64
		{9DDF28DB-5F85-49D9-9034-F337F931811C}.Debug|x86.ActiveCfg = Debug|Win32
		{9DDF28DB-5F85-49D9-9034-F337F931811C}.Debug|x86.Build.0 = Debug|Win32
		{9DDF28DB-5F85-49D9-9034-F337F931811C}.Release|x64.ActiveCfg = Release|x64
		{9DDF28DB-5F85-49D9-9034-F337F931811C}.Release|x64.Build.0 = Release|x64
		{9DDF28DB-5F85-49D9-9034-F337F931811C}.Release|x86.ActiveCfg = Release|Win32
		{9DDF28DB-5F85-49D9-9034-F337F931811C}.Release|x86.Build.0 = Release|Win32
	EndGlobalSection
	GlobalSection(SolutionProperties) = preSolution
		HideSolutionNode = FALSE
	EndGlobalSection
EndGlobal
