
Microsoft Visual Studio Solution File, Format Version 12.00
# Visual Studio 14
VisualStudioVersion = 14.0.25420.1
MinimumVisualStudioVersion = 10.0.40219.1
Project("{FAE04EC0-301F-11D3-BF4B-00C04F79EFBC}") = "exp1", "exp1\exp1.csproj", "{33625358-2A31-4A7A-998C-F8A66B3A01B1}"
EndProject
Project("{FAE04EC0-301F-11D3-BF4B-00C04F79EFBC}") = "exp2lib", "exp2lib\exp2lib.csproj", "{20CC1987-05E9-4510-A73E-298FC7D570A3}"
EndProject
Project("{FAE04EC0-301F-11D3-BF4B-00C04F79EFBC}") = "exp2app", "exp2app\exp2app.csproj", "{AEA23AE1-2041-4A11-85EC-A8949BE01B1A}"
EndProject
Project("{FAE04EC0-301F-11D3-BF4B-00C04F79EFBC}") = "exp3lib", "exp3lib\exp3lib.csproj", "{C177BD12-1D70-4CCA-A34E-E86F379B1883}"
EndProject
Project("{FAE04EC0-301F-11D3-BF4B-00C04F79EFBC}") = "exp3app", "exp3app\exp3app.csproj", "{FDAA2B96-A310-40F0-A9D0-BB6BD771AA56}"
EndProject
Project("{FAE04EC0-301F-11D3-BF4B-00C04F79EFBC}") = "exp4app", "exp4app\exp4app.csproj", "{D6851509-9152-459A-823C-458C3D00D5D2}"
EndProject
Project("{FAE04EC0-301F-11D3-BF4B-00C04F79EFBC}") = "exp4lib", "exp4lib\exp4lib.csproj", "{19B86D82-FA0C-400A-8CBD-11AAD8F0D599}"
EndProject
Project("{FAE04EC0-301F-11D3-BF4B-00C04F79EFBC}") = "exp4xapp", "exp4xapp\exp4xapp.csproj", "{4CE662BE-68DA-4AED-9D0C-17E528C71FC7}"
EndProject
Project("{FAE04EC0-301F-11D3-BF4B-00C04F79EFBC}") = "exp5xapp", "exp5xapp\exp5xapp.csproj", "{F7D67CDB-12C6-44E1-9270-CEAEBFBD9247}"
EndProject
Project("{FAE04EC0-301F-11D3-BF4B-00C04F79EFBC}") = "exp5app", "exp5app\exp5app.csproj", "{DC88DDFC-6AC7-4741-8B28-07CABE22A094}"
EndProject
Project("{FAE04EC0-301F-11D3-BF4B-00C04F79EFBC}") = "exp5lib", "exp5lib\exp5lib.csproj", "{10863637-98D1-4614-BC27-0B48BF2CEF8A}"
EndProject
Project("{FAE04EC0-301F-11D3-BF4B-00C04F79EFBC}") = "exp6xapp", "exp6xapp\exp6xapp.csproj", "{6EB5D0A2-8E5E-4B8D-AC36-769DA8B55727}"
EndProject
Project("{FAE04EC0-301F-11D3-BF4B-00C04F79EFBC}") = "exp6lib", "exp6lib\exp6lib.csproj", "{C993E3AA-6737-4471-9606-54268D095E78}"
EndProject
Project("{FAE04EC0-301F-11D3-BF4B-00C04F79EFBC}") = "exp6app", "exp6app\exp6app.csproj", "{FCD0112A-8AF4-413D-B09B-E3CD6E3A2808}"
EndProject
Global
	GlobalSection(SolutionConfigurationPlatforms) = preSolution
		Debug|Any CPU = Debug|Any CPU
		Release|Any CPU = Release|Any CPU
	EndGlobalSection
	GlobalSection(ProjectConfigurationPlatforms) = postSolution
		{33625358-2A31-4A7A-998C-F8A66B3A01B1}.Debug|Any CPU.ActiveCfg = Debug|Any CPU
		{33625358-2A31-4A7A-998C-F8A66B3A01B1}.Debug|Any CPU.Build.0 = Debug|Any CPU
		{33625358-2A31-4A7A-998C-F8A66B3A01B1}.Release|Any CPU.ActiveCfg = Release|Any CPU
		{33625358-2A31-4A7A-998C-F8A66B3A01B1}.Release|Any CPU.Build.0 = Release|Any CPU
		{20CC1987-05E9-4510-A73E-298FC7D570A3}.Debug|Any CPU.ActiveCfg = Debug|Any CPU
		{20CC1987-05E9-4510-A73E-298FC7D570A3}.Debug|Any CPU.Build.0 = Debug|Any CPU
		{20CC1987-05E9-4510-A73E-298FC7D570A3}.Release|Any CPU.ActiveCfg = Release|Any CPU
		{20CC1987-05E9-4510-A73E-298FC7D570A3}.Release|Any CPU.Build.0 = Release|Any CPU
		{AEA23AE1-2041-4A11-85EC-A8949BE01B1A}.Debug|Any CPU.ActiveCfg = Debug|Any CPU
		{AEA23AE1-2041-4A11-85EC-A8949BE01B1A}.Debug|Any CPU.Build.0 = Debug|Any CPU
		{AEA23AE1-2041-4A11-85EC-A8949BE01B1A}.Release|Any CPU.ActiveCfg = Release|Any CPU
		{AEA23AE1-2041-4A11-85EC-A8949BE01B1A}.Release|Any CPU.Build.0 = Release|Any CPU
		{C177BD12-1D70-4CCA-A34E-E86F379B1883}.Debug|Any CPU.ActiveCfg = Debug|Any CPU
		{C177BD12-1D70-4CCA-A34E-E86F379B1883}.Debug|Any CPU.Build.0 = Debug|Any CPU
		{C177BD12-1D70-4CCA-A34E-E86F379B1883}.Release|Any CPU.ActiveCfg = Release|Any CPU
		{C177BD12-1D70-4CCA-A34E-E86F379B1883}.Release|Any CPU.Build.0 = Release|Any CPU
		{FDAA2B96-A310-40F0-A9D0-BB6BD771AA56}.Debug|Any CPU.ActiveCfg = Debug|Any CPU
		{FDAA2B96-A310-40F0-A9D0-BB6BD771AA56}.Debug|Any CPU.Build.0 = Debug|Any CPU
		{FDAA2B96-A310-40F0-A9D0-BB6BD771AA56}.Release|Any CPU.ActiveCfg = Release|Any CPU
		{FDAA2B96-A310-40F0-A9D0-BB6BD771AA56}.Release|Any CPU.Build.0 = Release|Any CPU
		{D6851509-9152-459A-823C-458C3D00D5D2}.Debug|Any CPU.ActiveCfg = Debug|Any CPU
		{D6851509-9152-459A-823C-458C3D00D5D2}.Debug|Any CPU.Build.0 = Debug|Any CPU
		{D6851509-9152-459A-823C-458C3D00D5D2}.Release|Any CPU.ActiveCfg = Release|Any CPU
		{D6851509-9152-459A-823C-458C3D00D5D2}.Release|Any CPU.Build.0 = Release|Any CPU
		{19B86D82-FA0C-400A-8CBD-11AAD8F0D599}.Debug|Any CPU.ActiveCfg = Debug|Any CPU
		{19B86D82-FA0C-400A-8CBD-11AAD8F0D599}.Debug|Any CPU.Build.0 = Debug|Any CPU
		{19B86D82-FA0C-400A-8CBD-11AAD8F0D599}.Release|Any CPU.ActiveCfg = Release|Any CPU
		{19B86D82-FA0C-400A-8CBD-11AAD8F0D599}.Release|Any CPU.Build.0 = Release|Any CPU
		{4CE662BE-68DA-4AED-9D0C-17E528C71FC7}.Debug|Any CPU.ActiveCfg = Debug|Any CPU
		{4CE662BE-68DA-4AED-9D0C-17E528C71FC7}.Debug|Any CPU.Build.0 = Debug|Any CPU
		{4CE662BE-68DA-4AED-9D0C-17E528C71FC7}.Release|Any CPU.ActiveCfg = Release|Any CPU
		{4CE662BE-68DA-4AED-9D0C-17E528C71FC7}.Release|Any CPU.Build.0 = Release|Any CPU
		{F7D67CDB-12C6-44E1-9270-CEAEBFBD9247}.Debug|Any CPU.ActiveCfg = Debug|Any CPU
		{F7D67CDB-12C6-44E1-9270-CEAEBFBD9247}.Debug|Any CPU.Build.0 = Debug|Any CPU
		{F7D67CDB-12C6-44E1-9270-CEAEBFBD9247}.Release|Any CPU.ActiveCfg = Release|Any CPU
		{F7D67CDB-12C6-44E1-9270-CEAEBFBD9247}.Release|Any CPU.Build.0 = Release|Any CPU
		{DC88DDFC-6AC7-4741-8B28-07CABE22A094}.Debug|Any CPU.ActiveCfg = Debug|Any CPU
		{DC88DDFC-6AC7-4741-8B28-07CABE22A094}.Debug|Any CPU.Build.0 = Debug|Any CPU
		{DC88DDFC-6AC7-4741-8B28-07CABE22A094}.Release|Any CPU.ActiveCfg = Release|Any CPU
		{DC88DDFC-6AC7-4741-8B28-07CABE22A094}.Release|Any CPU.Build.0 = Release|Any CPU
		{10863637-98D1-4614-BC27-0B48BF2CEF8A}.Debug|Any CPU.ActiveCfg = Debug|Any CPU
		{10863637-98D1-4614-BC27-0B48BF2CEF8A}.Debug|Any CPU.Build.0 = Debug|Any CPU
		{10863637-98D1-4614-BC27-0B48BF2CEF8A}.Release|Any CPU.ActiveCfg = Release|Any CPU
		{10863637-98D1-4614-BC27-0B48BF2CEF8A}.Release|Any CPU.Build.0 = Release|Any CPU
		{6EB5D0A2-8E5E-4B8D-AC36-769DA8B55727}.Debug|Any CPU.ActiveCfg = Debug|Any CPU
		{6EB5D0A2-8E5E-4B8D-AC36-769DA8B55727}.Debug|Any CPU.Build.0 = Debug|Any CPU
		{6EB5D0A2-8E5E-4B8D-AC36-769DA8B55727}.Release|Any CPU.ActiveCfg = Release|Any CPU
		{6EB5D0A2-8E5E-4B8D-AC36-769DA8B55727}.Release|Any CPU.Build.0 = Release|Any CPU
		{C993E3AA-6737-4471-9606-54268D095E78}.Debug|Any CPU.ActiveCfg = Debug|Any CPU
		{C993E3AA-6737-4471-9606-54268D095E78}.Debug|Any CPU.Build.0 = Debug|Any CPU
		{C993E3AA-6737-4471-9606-54268D095E78}.Release|Any CPU.ActiveCfg = Release|Any CPU
		{C993E3AA-6737-4471-9606-54268D095E78}.Release|Any CPU.Build.0 = Release|Any CPU
		{FCD0112A-8AF4-413D-B09B-E3CD6E3A2808}.Debug|Any CPU.ActiveCfg = Debug|Any CPU
		{FCD0112A-8AF4-413D-B09B-E3CD6E3A2808}.Debug|Any CPU.Build.0 = Debug|Any CPU
		{FCD0112A-8AF4-413D-B09B-E3CD6E3A2808}.Release|Any CPU.ActiveCfg = Release|Any CPU
		{FCD0112A-8AF4-413D-B09B-E3CD6E3A2808}.Release|Any CPU.Build.0 = Release|Any CPU
	EndGlobalSection
	GlobalSection(SolutionProperties) = preSolution
		HideSolutionNode = FALSE
	EndGlobalSection
EndGlobal
