
Microsoft Visual Studio Solution File, Format Version 12.00
# Visual Studio Version 16
VisualStudioVersion = 16.0.30104.148
MinimumVisualStudioVersion = 10.0.40219.1
Project("{FAE04EC0-301F-11D3-BF4B-00C04F79EFBC}") = "EmojiManagement", "EmojiManagement\EmojiManagement.csproj", "{C81AB8EA-D764-4F23-809B-029FF8365341}"
EndProject
Project("{FAE04EC0-301F-11D3-BF4B-00C04F79EFBC}") = "EmojiForm", "EmojiForm\EmojiForm.csproj", "{46C184F8-ACA5-4181-A322-DD8B002F84E0}"
	ProjectSection(ProjectDependencies) = postProject
		{AC01F93E-1841-4545-8BC6-D73387F44F42} = {AC01F93E-1841-4545-8BC6-D73387F44F42}
	EndProjectSection
EndProject
Project("{FAE04EC0-301F-11D3-BF4B-00C04F79EFBC}") = "ocrfreamwork", "ocrfreamwork\ocrfreamwork.csproj", "{AC01F93E-1841-4545-8BC6-D73387F44F42}"
EndProject
Global
	GlobalSection(SolutionConfigurationPlatforms) = preSolution
		Debug|Any CPU = Debug|Any CPU
		Release|Any CPU = Release|Any CPU
	EndGlobalSection
	GlobalSection(ProjectConfigurationPlatforms) = postSolution
		{C81AB8EA-D764-4F23-809B-029FF8365341}.Debug|Any CPU.ActiveCfg = Debug|Any CPU
		{C81AB8EA-D764-4F23-809B-029FF8365341}.Debug|Any CPU.Build.0 = Debug|Any CPU
		{C81AB8EA-D764-4F23-809B-029FF8365341}.Release|Any CPU.ActiveCfg = Release|Any CPU
		{C81AB8EA-D764-4F23-809B-029FF8365341}.Release|Any CPU.Build.0 = Release|Any CPU
		{46C184F8-ACA5-4181-A322-DD8B002F84E0}.Debug|Any CPU.ActiveCfg = Debug|Any CPU
		{46C184F8-ACA5-4181-A322-DD8B002F84E0}.Debug|Any CPU.Build.0 = Debug|Any CPU
		{46C184F8-ACA5-4181-A322-DD8B002F84E0}.Release|Any CPU.ActiveCfg = Release|Any CPU
		{46C184F8-ACA5-4181-A322-DD8B002F84E0}.Release|Any CPU.Build.0 = Release|Any CPU
		{AC01F93E-1841-4545-8BC6-D73387F44F42}.Debug|Any CPU.ActiveCfg = Debug|Any CPU
		{AC01F93E-1841-4545-8BC6-D73387F44F42}.Debug|Any CPU.Build.0 = Debug|Any CPU
		{AC01F93E-1841-4545-8BC6-D73387F44F42}.Release|Any CPU.ActiveCfg = Release|Any CPU
		{AC01F93E-1841-4545-8BC6-D73387F44F42}.Release|Any CPU.Build.0 = Release|Any CPU
	EndGlobalSection
	GlobalSection(SolutionProperties) = preSolution
		HideSolutionNode = FALSE
	EndGlobalSection
	GlobalSection(ExtensibilityGlobals) = postSolution
		SolutionGuid = {21180838-C350-40DB-8031-4AF2FAF419F8}
	EndGlobalSection
EndGlobal
